// !$*UTF8*$!
{
	archiveVersion = 1;
	classes = {
	};
	objectVersion = 46;
	objects = {

/* Begin PBXBuildFile section */
		976C27461C913F21001904A2 /* main.m in Sources */ = {isa = PBXBuildFile; fileRef = 976C27451C913F21001904A2 /* main.m */; };
		976C27491C913F21001904A2 /* AppDelegate.m in Sources */ = {isa = PBXBuildFile; fileRef = 976C27481C913F21001904A2 /* AppDelegate.m */; };
		976C274C1C913F21001904A2 /* ViewController.m in Sources */ = {isa = PBXBuildFile; fileRef = 976C274B1C913F21001904A2 /* ViewController.m */; };
		976C274F1C913F21001904A2 /* Main.storyboard in Resources */ = {isa = PBXBuildFile; fileRef = 976C274D1C913F21001904A2 /* Main.storyboard */; };
		976C27511C913F21001904A2 /* Assets.xcassets in Resources */ = {isa = PBXBuildFile; fileRef = 976C27501C913F21001904A2 /* Assets.xcassets */; };
		976C27541C913F21001904A2 /* LaunchScreen.storyboard in Resources */ = {isa = PBXBuildFile; fileRef = 976C27521C913F21001904A2 /* LaunchScreen.storyboard */; };
		976C275F1C913F21001904A2 /* AcronymMeaningTests.m in Sources */ = {isa = PBXBuildFile; fileRef = 976C275E1C913F21001904A2 /* AcronymMeaningTests.m */; };
/* End PBXBuildFile section */

/* Begin PBXContainerItemProxy section */
		976C275B1C913F21001904A2 /* PBXContainerItemProxy */ = {
			isa = PBXContainerItemProxy;
			containerPortal = 976C27391C913F21001904A2 /* Project object */;
			proxyType = 1;
			remoteGlobalIDString = 976C27401C913F21001904A2;
			remoteInfo = AcronymMeaning;
		};
/* End PBXContainerItemProxy section */

/* Begin PBXFileReference section */
		976C27411C913F21001904A2 /* AcronymMeaning.app */ = {isa = PBXFileReference; explicitFileType = wrapper.application; includeInIndex = 0; path = AcronymMeaning.app; sourceTree = BUILT_PRODUCTS_DIR; };
		976C27451C913F21001904A2 /* main.m */ = {isa = PBXFileReference; lastKnownFileType = sourcecode.c.objc; path = main.m; sourceTree = "<group>"; };
		976C27471C913F21001904A2 /* AppDelegate.h */ = {isa = PBXFileReference; lastKnownFileType = sourcecode.c.h; path = AppDelegate.h; sourceTree = "<group>"; };
		976C27481C913F21001904A2 /* AppDelegate.m */ = {isa = PBXFileReference; lastKnownFileType = sourcecode.c.objc; path = AppDelegate.m; sourceTree = "<group>"; };
		976C274A1C913F21001904A2 /* ViewController.h */ = {isa = PBXFileReference; lastKnownFileType = sourcecode.c.h; path = ViewController.h; sourceTree = "<group>"; };
		976C274B1C913F21001904A2 /* ViewController.m */ = {isa = PBXFileReference; lastKnownFileType = sourcecode.c.objc; path = ViewController.m; sourceTree = "<group>"; };
		976C274E1C913F21001904A2 /* Base */ = {isa = PBXFileReference; lastKnownFileType = file.storyboard; name = Base; path = Base.lproj/Main.storyboard; sourceTree = "<group>"; };
		976C27501C913F21001904A2 /* Assets.xcassets */ = {isa = PBXFileReference; lastKnownFileType = folder.assetcatalog; path = Assets.xcassets; sourceTree = "<group>"; };
		976C27531C913F21001904A2 /* Base */ = {isa = PBXFileReference; lastKnownFileType = file.storyboard; name = Base; path = Base.lproj/LaunchScreen.storyboard; sourceTree = "<group>"; };
		976C27551C913F21001904A2 /* Info.plist */ = {isa = PBXFileReference; lastKnownFileType = text.plist.xml; path = Info.plist; sourceTree = "<group>"; };
		976C275A1C913F21001904A2 /* AcronymMeaningTests.xctest */ = {isa = PBXFileReference; explicitFileType = wrapper.cfbundle; includeInIndex = 0; path = AcronymMeaningTests.xctest; sourceTree = BUILT_PRODUCTS_DIR; };
		976C275E1C913F21001904A2 /* AcronymMeaningTests.m */ = {isa = PBXFileReference; lastKnownFileType = sourcecode.c.objc; path = AcronymMeaningTests.m; sourceTree = "<group>"; };
		976C27601C913F21001904A2 /* Info.plist */ = {isa = PBXFileReference; lastKnownFileType = text.plist.xml; path = Info.plist; sourceTree = "<group>"; };
/* End PBXFileReference section */

/* Begin PBXFrameworksBuildPhase section */
		976C273E1C913F21001904A2 /* Frameworks */ = {
			isa = PBXFrameworksBuildPhase;
			buildActionMask = 2147483647;
			files = (
			);
			runOnlyForDeploymentPostprocessing = 0;
		};
		976C27571C913F21001904A2 /* Frameworks */ = {
			isa = PBXFrameworksBuildPhase;
			buildActionMask = 2147483647;
			files = (
			);
			runOnlyForDeploymentPostprocessing = 0;
		};
/* End PBXFrameworksBuildPhase section */

/* Begin PBXGroup section */
		976C27381C913F21001904A2 = {
			isa = PBXGroup;
			children = (
				976C27431C913F21001904A2 /* AcronymMeaning */,
				976C275D1C913F21001904A2 /* AcronymMeaningTests */,
				976C27421C913F21001904A2 /* Products */,
			);
			sourceTree = "<group>";
		};
		976C27421C913F21001904A2 /* Products */ = {
			isa = PBXGroup;
			children = (
				976C27411C913F21001904A2 /* AcronymMeaning.app */,
				976C275A1C913F21001904A2 /* AcronymMeaningTests.xctest */,
			);
			name = Products;
			sourceTree = "<group>";
		};
		976C27431C913F21001904A2 /* AcronymMeaning */ = {
			isa = PBXGroup;
			children = (
				976C27471C913F21001904A2 /* AppDelegate.h */,
				976C27481C913F21001904A2 /* AppDelegate.m */,
				976C274A1C913F21001904A2 /* ViewController.h */,
				976C274B1C913F21001904A2 /* ViewController.m */,
				976C274D1C913F21001904A2 /* Main.storyboard */,
				976C27501C913F21001904A2 /* Assets.xcassets */,
				976C27521C913F21001904A2 /* LaunchScreen.storyboard */,
				976C27551C913F21001904A2 /* Info.plist */,
				976C27441C913F21001904A2 /* Supporting Files */,
			);
			path = AcronymMeaning;
			sourceTree = "<group>";
		};
		976C27441C913F21001904A2 /* Supporting Files */ = {
			isa = PBXGroup;
			children = (
				976C27451C913F21001904A2 /* main.m */,
			);
			name = "Supporting Files";
			sourceTree = "<group>";
		};
		976C275D1C913F21001904A2 /* AcronymMeaningTests */ = {
			isa = PBXGroup;
			children = (
				976C275E1C913F21001904A2 /* AcronymMeaningTests.m */,
				976C27601C913F21001904A2 /* Info.plist */,
			);
			path = AcronymMeaningTests;
			sourceTree = "<group>";
		};
/* End PBXGroup section */

/* Begin PBXNativeTarget section */
		976C27401C913F21001904A2 /* AcronymMeaning */ = {
			isa = PBXNativeTarget;
			buildConfigurationList = 976C27631C913F21001904A2 /* Build configuration list for PBXNativeTarget "AcronymMeaning" */;
			buildPhases = (
				976C273D1C913F21001904A2 /* Sources */,
				976C273E1C913F21001904A2 /* Frameworks */,
				976C273F1C913F21001904A2 /* Resources */,
			);
			buildRules = (
			);
			dependencies = (
			);
			name = AcronymMeaning;
			productName = AcronymMeaning;
			productReference = 976C27411C913F21001904A2 /* AcronymMeaning.app */;
			productType = "com.apple.product-type.application";
		};
		976C27591C913F21001904A2 /* AcronymMeaningTests */ = {
			isa = PBXNativeTarget;
			buildConfigurationList = 976C27661C913F21001904A2 /* Build configuration list for PBXNativeTarget "AcronymMeaningTests" */;
			buildPhases = (
				976C27561C913F21001904A2 /* Sources */,
				976C27571C913F21001904A2 /* Frameworks */,
				976C27581C913F21001904A2 /* Resources */,
			);
			buildRules = (
			);
			dependencies = (
				976C275C1C913F21001904A2 /* PBXTargetDependency */,
			);
			name = AcronymMeaningTests;
			productName = AcronymMeaningTests;
			productReference = 976C275A1C913F21001904A2 /* AcronymMeaningTests.xctest */;
			productType = "com.apple.product-type.bundle.unit-test";
		};
/* End PBXNativeTarget section */

/* Begin PBXProject section */
		976C27391C913F21001904A2 /* Project object */ = {
			isa = PBXProject;
			attributes = {
				LastUpgradeCheck = 0710;
				ORGANIZATIONNAME = "Ilone Labs";
				TargetAttributes = {
					976C27401C913F21001904A2 = {
						CreatedOnToolsVersion = 7.1.1;
					};
					976C27591C913F21001904A2 = {
						CreatedOnToolsVersion = 7.1.1;
						TestTargetID = 976C27401C913F21001904A2;
					};
				};
			};
			buildConfigurationList = 976C273C1C913F21001904A2 /* Build configuration list for PBXProject "AcronymMeaning" */;
			compatibilityVersion = "Xcode 3.2";
			developmentRegion = English;
			hasScannedForEncodings = 0;
			knownRegions = (
				en,
				Base,
			);
			mainGroup = 976C27381C913F21001904A2;
			productRefGroup = 976C27421C913F21001904A2 /* Products */;
			projectDirPath = "";
			projectRoot = "";
			targets = (
				976C27401C913F21001904A2 /* AcronymMeaning */,
				976C27591C913F21001904A2 /* AcronymMeaningTests */,
			);
		};
/* End PBXProject section */

/* Begin PBXResourcesBuildPhase section */
		976C273F1C913F21001904A2 /* Resources */ = {
			isa = PBXResourcesBuildPhase;
			buildActionMask = 2147483647;
			files = (
				976C27541C913F21001904A2 /* LaunchScreen.storyboard in Resources */,
				976C27511C913F21001904A2 /* Assets.xcassets in Resources */,
				976C274F1C913F21001904A2 /* Main.storyboard in Resources */,
			);
			runOnlyForDeploymentPostprocessing = 0;
		};
		976C27581C913F21001904A2 /* Resources */ = {
			isa = PBXResourcesBuildPhase;
			buildActionMask = 2147483647;
			files = (
			);
			runOnlyForDeploymentPostprocessing = 0;
		};
/* End PBXResourcesBuildPhase section */

/* Begin PBXSourcesBuildPhase section */
		976C273D1C913F21001904A2 /* Sources */ = {
			isa = PBXSourcesBuildPhase;
			buildActionMask = 2147483647;
			files = (
				976C274C1C913F21001904A2 /* ViewController.m in Sources */,
				976C27491C913F21001904A2 /* AppDelegate.m in Sources */,
				976C27461C913F21001904A2 /* main.m in Sources */,
			);
			runOnlyForDeploymentPostprocessing = 0;
		};
		976C27561C913F21001904A2 /* Sources */ = {
			isa = PBXSourcesBuildPhase;
			buildActionMask = 2147483647;
			files = (
				976C275F1C913F21001904A2 /* AcronymMeaningTests.m in Sources */,
			);
			runOnlyForDeploymentPostprocessing = 0;
		};
/* End PBXSourcesBuildPhase section */

/* Begin PBXTargetDependency section */
		976C275C1C913F21001904A2 /* PBXTargetDependency */ = {
			isa = PBXTargetDependency;
			target = 976C27401C913F21001904A2 /* AcronymMeaning */;
			targetProxy = 976C275B1C913F21001904A2 /* PBXContainerItemProxy */;
		};
/* End PBXTargetDependency section */

/* Begin PBXVariantGroup section */
		976C274D1C913F21001904A2 /* Main.storyboard */ = {
			isa = PBXVariantGroup;
			children = (
				976C274E1C913F21001904A2 /* Base */,
			);
			name = Main.storyboard;
			sourceTree = "<group>";
		};
		976C27521C913F21001904A2 /* LaunchScreen.storyboard */ = {
			isa = PBXVariantGroup;
			children = (
				976C27531C913F21001904A2 /* Base */,
			);
			name = LaunchScreen.storyboard;
			sourceTree = "<group>";
		};
/* End PBXVariantGroup section */

/* Begin XCBuildConfiguration section */
		976C27611C913F21001904A2 /* Debug */ = {
			isa = XCBuildConfiguration;
			buildSettings = {
				ALWAYS_SEARCH_USER_PATHS = NO;
				CLANG_CXX_LANGUAGE_STANDARD = "gnu++0x";
				CLANG_CXX_LIBRARY = "libc++";
				CLANG_ENABLE_MODULES = YES;
				CLANG_ENABLE_OBJC_ARC = YES;
				CLANG_WARN_BOOL_CONVERSION = YES;
				CLANG_WARN_CONSTANT_CONVERSION = YES;
				CLANG_WARN_DIRECT_OBJC_ISA_USAGE = YES_ERROR;
				CLANG_WARN_EMPTY_BODY = YES;
				CLANG_WARN_ENUM_CONVERSION = YES;
				CLANG_WARN_INT_CONVERSION = YES;
				CLANG_WARN_OBJC_ROOT_CLASS = YES_ERROR;
				CLANG_WARN_UNREACHABLE_CODE = YES;
				CLANG_WARN__DUPLICATE_METHOD_MATCH = YES;
				"CODE_SIGN_IDENTITY[sdk=iphoneos*]" = "iPhone Developer";
				COPY_PHASE_STRIP = NO;
				DEBUG_INFORMATION_FORMAT = dwarf;
				ENABLE_STRICT_OBJC_MSGSEND = YES;
				ENABLE_TESTABILITY = YES;
				GCC_C_LANGUAGE_STANDARD = gnu99;
				GCC_DYNAMIC_NO_PIC = NO;
				GCC_NO_COMMON_BLOCKS = YES;
				GCC_OPTIMIZATION_LEVEL = 0;
				GCC_PREPROCESSOR_DEFINITIONS = (
					"DEBUG=1",
					"$(inherited)",
				);
				GCC_WARN_64_TO_32_BIT_CONVERSION = YES;
				GCC_WARN_ABOUT_RETURN_TYPE = YES_ERROR;
				GCC_WARN_UNDECLARED_SELECTOR = YES;
				GCC_WARN_UNINITIALIZED_AUTOS = YES_AGGRESSIVE;
				GCC_WARN_UNUSED_FUNCTION = YES;
				GCC_WARN_UNUSED_VARIABLE = YES;
				IPHONEOS_DEPLOYMENT_TARGET = 9.1;
				MTL_ENABLE_DEBUG_INFO = YES;
				ONLY_ACTIVE_ARCH = YES;
				SDKROOT = iphoneos;
				TARGETED_DEVICE_FAMILY = "1,2";
			};
			name = Debug;
		};
		976C27621C913F21001904A2 /* Release */ = {
			isa = XCBuildConfiguration;
			buildSettings = {
				ALWAYS_SEARCH_USER_PATHS = NO;
				CLANG_CXX_LANGUAGE_STANDARD = "gnu++0x";
				CLANG_CXX_LIBRARY = "libc++";
				CLANG_ENABLE_MODULES = YES;
				CLANG_ENABLE_OBJC_ARC = YES;
				CLANG_WARN_BOOL_CONVERSION = YES;
				CLANG_WARN_CONSTANT_CONVERSION = YES;
				CLANG_WARN_DIRECT_OBJC_ISA_USAGE = YES_ERROR;
				CLANG_WARN_EMPTY_BODY = YES;
				CLANG_WARN_ENUM_CONVERSION = YES;
				CLANG_WARN_INT_CONVERSION = YES;
				CLANG_WARN_OBJC_ROOT_CLASS = YES_ERROR;
				CLANG_WARN_UNREACHABLE_CODE = YES;
				CLANG_WARN__DUPLICATE_METHOD_MATCH = YES;
				"CODE_SIGN_IDENTITY[sdk=iphoneos*]" = "iPhone Developer";
				COPY_PHASE_STRIP = NO;
				DEBUG_INFORMATION_FORMAT = "dwarf-with-dsym";
				ENABLE_NS_ASSERTIONS = NO;
				ENABLE_STRICT_OBJC_MSGSEND = YES;
				GCC_C_LANGUAGE_STANDARD = gnu99;
				GCC_NO_COMMON_BLOCKS = YES;
				GCC_WARN_64_TO_32_BIT_CONVERSION = YES;
				GCC_WARN_ABOUT_RETURN_TYPE = YES_ERROR;
				GCC_WARN_UNDECLARED_SELECTOR = YES;
				GCC_WARN_UNINITIALIZED_AUTOS = YES_AGGRESSIVE;
				GCC_WARN_UNUSED_FUNCTION = YES;
				GCC_WARN_UNUSED_VARIABLE = YES;
				IPHONEOS_DEPLOYMENT_TARGET = 9.1;
				MTL_ENABLE_DEBUG_INFO = NO;
				SDKROOT = iphoneos;
				TARGETED_DEVICE_FAMILY = "1,2";
				VALIDATE_PRODUCT = YES;
			};
			name = Release;
		};
		976C27641C913F21001904A2 /* Debug */ = {
			isa = XCBuildConfiguration;
			buildSettings = {
				ASSETCATALOG_COMPILER_APPICON_NAME = AppIcon;
				INFOPLIST_FILE = AcronymMeaning/Info.plist;
				LD_RUNPATH_SEARCH_PATHS = "$(inherited) @executable_path/Frameworks";
				PRODUCT_BUNDLE_IDENTIFIER = com.irfan.AcronymMeaning;
				PRODUCT_NAME = "$(TARGET_NAME)";
			};
			name = Debug;
		};
		976C27651C913F21001904A2 /* Release */ = {
			isa = XCBuildConfiguration;
			buildSettings = {
				ASSETCATALOG_COMPILER_APPICON_NAME = AppIcon;
				INFOPLIST_FILE = AcronymMeaning/Info.plist;
				LD_RUNPATH_SEARCH_PATHS = "$(inherited) @executable_path/Frameworks";
				PRODUCT_BUNDLE_IDENTIFIER = com.irfan.AcronymMeaning;
				PRODUCT_NAME = "$(TARGET_NAME)";
			};
			name = Release;
		};
		976C27671C913F21001904A2 /* Debug */ = {
			isa = XCBuildConfiguration;
			buildSettings = {
				BUNDLE_LOADER = "$(TEST_HOST)";
				INFOPLIST_FILE = AcronymMeaningTests/Info.plist;
				LD_RUNPATH_SEARCH_PATHS = "$(inherited) @executable_path/Frameworks @loader_path/Frameworks";
				PRODUCT_BUNDLE_IDENTIFIER = com.irfan.AcronymMeaningTests;
				PRODUCT_NAME = "$(TARGET_NAME)";
				TEST_HOST = "$(BUILT_PRODUCTS_DIR)/AcronymMeaning.app/AcronymMeaning";
			};
			name = Debug;
		};
		976C27681C913F21001904A2 /* Release */ = {
			isa = XCBuildConfiguration;
			buildSettings = {
				BUNDLE_LOADER = "$(TEST_HOST)";
				INFOPLIST_FILE = AcronymMeaningTests/Info.plist;
				LD_RUNPATH_SEARCH_PATHS = "$(inherited) @executable_path/Frameworks @loader_path/Frameworks";
				PRODUCT_BUNDLE_IDENTIFIER = com.irfan.AcronymMeaningTests;
				PRODUCT_NAME = "$(TARGET_NAME)";
				TEST_HOST = "$(BUILT_PRODUCTS_DIR)/AcronymMeaning.app/AcronymMeaning";
			};
			name = Release;
		};
/* End XCBuildConfiguration section */

/* Begin XCConfigurationList section */
		976C273C1C913F21001904A2 /* Build configuration list for PBXProject "AcronymMeaning" */ = {
			isa = XCConfigurationList;
			buildConfigurations = (
				976C27611C913F21001904A2 /* Debug */,
				976C27621C913F21001904A2 /* Release */,
			);
			defaultConfigurationIsVisible = 0;
			defaultConfigurationName = Release;
		};
		976C27631C913F21001904A2 /* Build configuration list for PBXNativeTarget "AcronymMeaning" */ = {
			isa = XCConfigurationList;
			buildConfigurations = (
				976C27641C913F21001904A2 /* Debug */,
				976C27651C913F21001904A2 /* Release */,
			);
			defaultConfigurationIsVisible = 0;
		};
		976C27661C913F21001904A2 /* Build configuration list for PBXNativeTarget "AcronymMeaningTests" */ = {
			isa = XCConfigurationList;
			buildConfigurations = (
				976C27671C913F21001904A2 /* Debug */,
				976C27681C913F21001904A2 /* Release */,
			);
			defaultConfigurationIsVisible = 0;
		};
/* End XCConfigurationList section */
	};
	rootObject = 976C27391C913F21001904A2 /* Project object */;
}
